{
    "_meta": {
        "hash": {
            "sha256": "68a485da24718cce51472ea31f49c80ccda3725f84e7b2e309cb2cc969dcd127"
        },
        "pipfile-spec": 6,
        "requires": {
            "python_version": "3.9"
        },
        "sources": [
            {
                "name": "piwheels",
                "url": "https://www.piwheels.org/simple",
                "verify_ssl": true
            }
        ]
    },
    "default": {
        "certifi": {
            "hashes": [
                "sha256:cb52c7519140a4c2b84314220b3f08768882bb58176f3acc039ccac101d51870"
            ],
            "markers": "python_version >= '3.6'",
            "version": "==2022.12.7"
        },
        "charset-normalizer": {
            "hashes": [
                "sha256:1799ad8111efa28db62e1b9773eba32dcc9fd0cd9d7c631bd4858eb15a30f858"
            ],
            "version": "==3.0.1"
        },
        "gcloud": {
            "hashes": [
                "sha256:cb66b573874f4f2a9e7710f58d392fa5177c0f8ed61b913b065ea7c4f6fc7dbd"
            ],
            "version": "==0.18.3"
        },
        "googleapis-common-protos": {
            "hashes": [
                "sha256:98477b88ae606a758eeb4281f0831777576e9b03806b61656e798e52ed4a0733"
            ],
            "markers": "python_version >= '3.7'",
            "version": "==1.59.0"
        },
        "httplib2": {
            "hashes": [
                "sha256:b9443b43dd53dcc8100619fc76b5b324f41aa9ee4ac28c893b96cc73cf4f50f9"
            ],
            "markers": "python_version >= '2.7' and python_version not in '3.0, 3.1, 3.2, 3.3'",
            "version": "==0.22.0"
        },
        "idna": {
            "hashes": [
                "sha256:bcac1132a4eadea8321490704e2349b752e29c6ec2f1c27d372010e76ebd3fa1"
            ],
            "markers": "python_version >= '3.5'",
            "version": "==3.4"
        },
        "oauth2client": {
            "hashes": [
                "sha256:b8a81cc5d60e2d364f0b1b98f958dbd472887acaf1a5b05e21c28c31a2d6d3ac"
            ],
            "version": "==4.1.3"
        },
        "protobuf": {
            "hashes": [
                "sha256:2adf82e09245bc7372fbebbf4e92fe27a9a063d5d5c4811e130ea6c4f6dc69b9"
            ],
            "markers": "python_version >= '3.7'",
            "version": "==4.21.12"
        },
        "pwinput": {
            "hashes": [
                "sha256:d2d736bedb22f3c0aaee6d3262e90e32a615a26b517d4f23585b208b59643a13"
            ],
            "index": "piwheels",
            "version": "==1.0.3"
        },
        "pyasn1": {
            "hashes": [
                "sha256:ff78984ad4ea074e4175aae638a2f52aaecee809e3e9274457df38345e621375"
            ],
            "markers": "python_version >= '2.7' and python_version not in '3.0, 3.1, 3.2, 3.3, 3.4, 3.5'",
            "version": "==0.5.0"
        },
        "pyasn1-modules": {
            "hashes": [
                "sha256:cf1be1c2c1dc9289d1694d13bc1c3136b26226eb0cef136a09516530d7ab8985"
            ],
            "markers": "python_version >= '2.7' and python_version not in '3.0, 3.1, 3.2, 3.3, 3.4, 3.5'",
            "version": "==0.3.0"
        },
        "pyparsing": {
            "hashes": [
                "sha256:94fac81ddf92f0bdf3bb33c1c3e6d0181caa204a578184dd02778870ccf307c5"
            ],
            "markers": "python_version >= '3.1'",
            "version": "==3.0.9"
        },
        "pyrebase": {
            "hashes": [
                "sha256:74e643df501e5905571f6003c0a8da854f7d4cac683c582d5a411100f0c6c4cd"
            ],
            "index": "piwheels",
            "version": "==3.0.11"
        },
        "requests": {
            "hashes": [
                "sha256:e77536e318369f207754c018f33a97b68adec830f33bee3507d296683ba1d416"
            ],
            "index": "piwheels",
            "version": "==2.28.2"
        },
        "requests-toolbelt": {
            "hashes": [
                "sha256:79101932959299c29508c2f22c80d154eb9b6adcc282375533902fa39138436d"
            ],
            "markers": "python_version >= '2.7' and python_version not in '3.0, 3.1, 3.2, 3.3'",
            "version": "==0.10.1"
        },
        "rsa": {
            "hashes": [
                "sha256:e3b6d3caf5f226f143353ad823b1ba52ee0e4cf633c2fba765d50cee23ad0481"
            ],
            "markers": "python_version >= '3.6' and python_version < '4'",
            "version": "==4.8"
        },
        "six": {
            "hashes": [
                "sha256:8abb2f1d86890a2dfb989f9a77cfcfd3e47c2a354b01111771326f8aa26e0254"
            ],
            "markers": "python_version >= '2.7' and python_version not in '3.0, 3.1, 3.2, 3.3'",
            "version": "==1.16.0"
        },
        "smbus2": {
            "hashes": [
                "sha256:007c2bcb7f4908b4a668fbcc2260b227ec3da28f122fb9d98c67b9081d9c5b3f"
            ],
            "index": "piwheels",
            "version": "==0.4.2"
        },
        "sseclient": {
            "hashes": [
                "sha256:4f8958d266bf110c5306e34de7b3df8d3d9b52bc432940bed1aa9375b0808200"
            ],
            "version": "==0.0.27"
        },
        "urllib3": {
            "hashes": [
                "sha256:c3909b2a8d21bf543d661269ff27ff0d3feefc600d8a2e09cea4c0f46e45301a"
            ],
            "markers": "python_version >= '2.7' and python_version not in '3.0, 3.1, 3.2, 3.3, 3.4, 3.5'",
            "version": "==1.26.15"
        }
    },
    "develop": {}
}
